// !$*UTF8*$!
{
	archiveVersion = 1;
	classes = {
	};
	objectVersion = 46;
	objects = {

/* Begin PBXBuildFile section */
		A2CF8EE11916589E00C43E75 /* Foundation.framework in Frameworks */ = {isa = PBXBuildFile; fileRef = A2CF8EE01916589E00C43E75 /* Foundation.framework */; };
		A2CF8EE31916589E00C43E75 /* CoreGraphics.framework in Frameworks */ = {isa = PBXBuildFile; fileRef = A2CF8EE21916589E00C43E75 /* CoreGraphics.framework */; };
		A2CF8EE51916589E00C43E75 /* UIKit.framework in Frameworks */ = {isa = PBXBuildFile; fileRef = A2CF8EE41916589E00C43E75 /* UIKit.framework */; };
		A2CF8EEB1916589E00C43E75 /* InfoPlist.strings in Resources */ = {isa = PBXBuildFile; fileRef = A2CF8EE91916589E00C43E75 /* InfoPlist.strings */; };
		A2CF8EED1916589E00C43E75 /* main.m in Sources */ = {isa = PBXBuildFile; fileRef = A2CF8EEC1916589E00C43E75 /* main.m */; };
		A2CF8EF11916589E00C43E75 /* TAppDelegate.m in Sources */ = {isa = PBXBuildFile; fileRef = A2CF8EF01916589E00C43E75 /* TAppDelegate.m */; };
		A2CF8EF31916589E00C43E75 /* Images.xcassets in Resources */ = {isa = PBXBuildFile; fileRef = A2CF8EF21916589E00C43E75 /* Images.xcassets */; };
		A2CF8EFA1916589E00C43E75 /* XCTest.framework in Frameworks */ = {isa = PBXBuildFile; fileRef = A2CF8EF91916589E00C43E75 /* XCTest.framework */; };
		A2CF8EFB1916589E00C43E75 /* Foundation.framework in Frameworks */ = {isa = PBXBuildFile; fileRef = A2CF8EE01916589E00C43E75 /* Foundation.framework */; };
		A2CF8EFC1916589E00C43E75 /* UIKit.framework in Frameworks */ = {isa = PBXBuildFile; fileRef = A2CF8EE41916589E00C43E75 /* UIKit.framework */; };
		A2CF8F041916589E00C43E75 /* InfoPlist.strings in Resources */ = {isa = PBXBuildFile; fileRef = A2CF8F021916589E00C43E75 /* InfoPlist.strings */; };
		A2CF8F061916589E00C43E75 /* USConnectionTests.m in Sources */ = {isa = PBXBuildFile; fileRef = A2CF8F051916589E00C43E75 /* USConnectionTests.m */; };
/* End PBXBuildFile section */

/* Begin PBXContainerItemProxy section */
		A2CF8EFD1916589E00C43E75 /* PBXContainerItemProxy */ = {
			isa = PBXContainerItemProxy;
			containerPortal = A2CF8ED51916589E00C43E75 /* Project object */;
			proxyType = 1;
			remoteGlobalIDString = A2CF8EDC1916589E00C43E75;
			remoteInfo = USConnection;
		};
/* End PBXContainerItemProxy section */

/* Begin PBXFileReference section */
		A2CF8EDD1916589E00C43E75 /* USConnection.app */ = {isa = PBXFileReference; explicitFileType = wrapper.application; includeInIndex = 0; path = USConnection.app; sourceTree = BUILT_PRODUCTS_DIR; };
		A2CF8EE01916589E00C43E75 /* Foundation.framework */ = {isa = PBXFileReference; lastKnownFileType = wrapper.framework; name = Foundation.framework; path = System/Library/Frameworks/Foundation.framework; sourceTree = SDKROOT; };
		A2CF8EE21916589E00C43E75 /* CoreGraphics.framework */ = {isa = PBXFileReference; lastKnownFileType = wrapper.framework; name = CoreGraphics.framework; path = System/Library/Frameworks/CoreGraphics.framework; sourceTree = SDKROOT; };
		A2CF8EE41916589E00C43E75 /* UIKit.framework */ = {isa = PBXFileReference; lastKnownFileType = wrapper.framework; name = UIKit.framework; path = System/Library/Frameworks/UIKit.framework; sourceTree = SDKROOT; };
		A2CF8EE81916589E00C43E75 /* USConnection-Info.plist */ = {isa = PBXFileReference; lastKnownFileType = text.plist.xml; path = "USConnection-Info.plist"; sourceTree = "<group>"; };
		A2CF8EEA1916589E00C43E75 /* en */ = {isa = PBXFileReference; lastKnownFileType = text.plist.strings; name = en; path = en.lproj/InfoPlist.strings; sourceTree = "<group>"; };
		A2CF8EEC1916589E00C43E75 /* main.m */ = {isa = PBXFileReference; lastKnownFileType = sourcecode.c.objc; path = main.m; sourceTree = "<group>"; };
		A2CF8EEE1916589E00C43E75 /* USConnection-Prefix.pch */ = {isa = PBXFileReference; lastKnownFileType = sourcecode.c.h; path = "USConnection-Prefix.pch"; sourceTree = "<group>"; };
		A2CF8EEF1916589E00C43E75 /* TAppDelegate.h */ = {isa = PBXFileReference; lastKnownFileType = sourcecode.c.h; path = TAppDelegate.h; sourceTree = "<group>"; };
		A2CF8EF01916589E00C43E75 /* TAppDelegate.m */ = {isa = PBXFileReference; lastKnownFileType = sourcecode.c.objc; path = TAppDelegate.m; sourceTree = "<group>"; };
		A2CF8EF21916589E00C43E75 /* Images.xcassets */ = {isa = PBXFileReference; lastKnownFileType = folder.assetcatalog; path = Images.xcassets; sourceTree = "<group>"; };
		A2CF8EF81916589E00C43E75 /* USConnectionTests.xctest */ = {isa = PBXFileReference; explicitFileType = wrapper.cfbundle; includeInIndex = 0; path = USConnectionTests.xctest; sourceTree = BUILT_PRODUCTS_DIR; };
		A2CF8EF91916589E00C43E75 /* XCTest.framework */ = {isa = PBXFileReference; lastKnownFileType = wrapper.framework; name = XCTest.framework; path = Library/Frameworks/XCTest.framework; sourceTree = DEVELOPER_DIR; };
		A2CF8F011916589E00C43E75 /* USConnectionTests-Info.plist */ = {isa = PBXFileReference; lastKnownFileType = text.plist.xml; path = "USConnectionTests-Info.plist"; sourceTree = "<group>"; };
		A2CF8F031916589E00C43E75 /* en */ = {isa = PBXFileReference; lastKnownFileType = text.plist.strings; name = en; path = en.lproj/InfoPlist.strings; sourceTree = "<group>"; };
		A2CF8F051916589E00C43E75 /* USConnectionTests.m */ = {isa = PBXFileReference; lastKnownFileType = sourcecode.c.objc; path = USConnectionTests.m; sourceTree = "<group>"; };
/* End PBXFileReference section */

/* Begin PBXFrameworksBuildPhase section */
		A2CF8EDA1916589E00C43E75 /* Frameworks */ = {
			isa = PBXFrameworksBuildPhase;
			buildActionMask = 2147483647;
			files = (
				A2CF8EE31916589E00C43E75 /* CoreGraphics.framework in Frameworks */,
				A2CF8EE51916589E00C43E75 /* UIKit.framework in Frameworks */,
				A2CF8EE11916589E00C43E75 /* Foundation.framework in Frameworks */,
			);
			runOnlyForDeploymentPostprocessing = 0;
		};
		A2CF8EF51916589E00C43E75 /* Frameworks */ = {
			isa = PBXFrameworksBuildPhase;
			buildActionMask = 2147483647;
			files = (
				A2CF8EFA1916589E00C43E75 /* XCTest.framework in Frameworks */,
				A2CF8EFC1916589E00C43E75 /* UIKit.framework in Frameworks */,
				A2CF8EFB1916589E00C43E75 /* Foundation.framework in Frameworks */,
			);
			runOnlyForDeploymentPostprocessing = 0;
		};
/* End PBXFrameworksBuildPhase section */

/* Begin PBXGroup section */
		A2CF8ED41916589E00C43E75 = {
			isa = PBXGroup;
			children = (
				A2CF8EE61916589E00C43E75 /* USConnection */,
				A2CF8EFF1916589E00C43E75 /* USConnectionTests */,
				A2CF8EDF1916589E00C43E75 /* Frameworks */,
				A2CF8EDE1916589E00C43E75 /* Products */,
			);
			sourceTree = "<group>";
		};
		A2CF8EDE1916589E00C43E75 /* Products */ = {
			isa = PBXGroup;
			children = (
				A2CF8EDD1916589E00C43E75 /* USConnection.app */,
				A2CF8EF81916589E00C43E75 /* USConnectionTests.xctest */,
			);
			name = Products;
			sourceTree = "<group>";
		};
		A2CF8EDF1916589E00C43E75 /* Frameworks */ = {
			isa = PBXGroup;
			children = (
				A2CF8EE01916589E00C43E75 /* Foundation.framework */,
				A2CF8EE21916589E00C43E75 /* CoreGraphics.framework */,
				A2CF8EE41916589E00C43E75 /* UIKit.framework */,
				A2CF8EF91916589E00C43E75 /* XCTest.framework */,
			);
			name = Frameworks;
			sourceTree = "<group>";
		};
		A2CF8EE61916589E00C43E75 /* USConnection */ = {
			isa = PBXGroup;
			children = (
				A2CF8EEF1916589E00C43E75 /* TAppDelegate.h */,
				A2CF8EF01916589E00C43E75 /* TAppDelegate.m */,
				A2CF8EF21916589E00C43E75 /* Images.xcassets */,
				A2CF8EE71916589E00C43E75 /* Supporting Files */,
			);
			path = USConnection;
			sourceTree = "<group>";
		};
		A2CF8EE71916589E00C43E75 /* Supporting Files */ = {
			isa = PBXGroup;
			children = (
				A2CF8EE81916589E00C43E75 /* USConnection-Info.plist */,
				A2CF8EE91916589E00C43E75 /* InfoPlist.strings */,
				A2CF8EEC1916589E00C43E75 /* main.m */,
				A2CF8EEE1916589E00C43E75 /* USConnection-Prefix.pch */,
			);
			name = "Supporting Files";
			sourceTree = "<group>";
		};
		A2CF8EFF1916589E00C43E75 /* USConnectionTests */ = {
			isa = PBXGroup;
			children = (
				A2CF8F051916589E00C43E75 /* USConnectionTests.m */,
				A2CF8F001916589E00C43E75 /* Supporting Files */,
			);
			path = USConnectionTests;
			sourceTree = "<group>";
		};
		A2CF8F001916589E00C43E75 /* Supporting Files */ = {
			isa = PBXGroup;
			children = (
				A2CF8F011916589E00C43E75 /* USConnectionTests-Info.plist */,
				A2CF8F021916589E00C43E75 /* InfoPlist.strings */,
			);
			name = "Supporting Files";
			sourceTree = "<group>";
		};
/* End PBXGroup section */

/* Begin PBXNativeTarget section */
		A2CF8EDC1916589E00C43E75 /* USConnection */ = {
			isa = PBXNativeTarget;
			buildConfigurationList = A2CF8F091916589E00C43E75 /* Build configuration list for PBXNativeTarget "USConnection" */;
			buildPhases = (
				A2CF8ED91916589E00C43E75 /* Sources */,
				A2CF8EDA1916589E00C43E75 /* Frameworks */,
				A2CF8EDB1916589E00C43E75 /* Resources */,
			);
			buildRules = (
			);
			dependencies = (
			);
			name = USConnection;
			productName = USConnection;
			productReference = A2CF8EDD1916589E00C43E75 /* USConnection.app */;
			productType = "com.apple.product-type.application";
		};
		A2CF8EF71916589E00C43E75 /* USConnectionTests */ = {
			isa = PBXNativeTarget;
			buildConfigurationList = A2CF8F0C1916589E00C43E75 /* Build configuration list for PBXNativeTarget "USConnectionTests" */;
			buildPhases = (
				A2CF8EF41916589E00C43E75 /* Sources */,
				A2CF8EF51916589E00C43E75 /* Frameworks */,
				A2CF8EF61916589E00C43E75 /* Resources */,
			);
			buildRules = (
			);
			dependencies = (
				A2CF8EFE1916589E00C43E75 /* PBXTargetDependency */,
			);
			name = USConnectionTests;
			productName = USConnectionTests;
			productReference = A2CF8EF81916589E00C43E75 /* USConnectionTests.xctest */;
			productType = "com.apple.product-type.bundle.unit-test";
		};
/* End PBXNativeTarget section */

/* Begin PBXProject section */
		A2CF8ED51916589E00C43E75 /* Project object */ = {
			isa = PBXProject;
			attributes = {
				CLASSPREFIX = T;
				LastUpgradeCheck = 0510;
				ORGANIZATIONNAME = Gintama;
				TargetAttributes = {
					A2CF8EF71916589E00C43E75 = {
						TestTargetID = A2CF8EDC1916589E00C43E75;
					};
				};
			};
			buildConfigurationList = A2CF8ED81916589E00C43E75 /* Build configuration list for PBXProject "USConnection" */;
			compatibilityVersion = "Xcode 3.2";
			developmentRegion = English;
			hasScannedForEncodings = 0;
			knownRegions = (
				en,
			);
			mainGroup = A2CF8ED41916589E00C43E75;
			productRefGroup = A2CF8EDE1916589E00C43E75 /* Products */;
			projectDirPath = "";
			projectRoot = "";
			targets = (
				A2CF8EDC1916589E00C43E75 /* USConnection */,
				A2CF8EF71916589E00C43E75 /* USConnectionTests */,
			);
		};
/* End PBXProject section */

/* Begin PBXResourcesBuildPhase section */
		A2CF8EDB1916589E00C43E75 /* Resources */ = {
			isa = PBXResourcesBuildPhase;
			buildActionMask = 2147483647;
			files = (
				A2CF8EEB1916589E00C43E75 /* InfoPlist.strings in Resources */,
				A2CF8EF31916589E00C43E75 /* Images.xcassets in Resources */,
			);
			runOnlyForDeploymentPostprocessing = 0;
		};
		A2CF8EF61916589E00C43E75 /* Resources */ = {
			isa = PBXResourcesBuildPhase;
			buildActionMask = 2147483647;
			files = (
				A2CF8F041916589E00C43E75 /* InfoPlist.strings in Resources */,
			);
			runOnlyForDeploymentPostprocessing = 0;
		};
/* End PBXResourcesBuildPhase section */

/* Begin PBXSourcesBuildPhase section */
		A2CF8ED91916589E00C43E75 /* Sources */ = {
			isa = PBXSourcesBuildPhase;
			buildActionMask = 2147483647;
			files = (
				A2CF8EED1916589E00C43E75 /* main.m in Sources */,
				A2CF8EF11916589E00C43E75 /* TAppDelegate.m in Sources */,
			);
			runOnlyForDeploymentPostprocessing = 0;
		};
		A2CF8EF41916589E00C43E75 /* Sources */ = {
			isa = PBXSourcesBuildPhase;
			buildActionMask = 2147483647;
			files = (
				A2CF8F061916589E00C43E75 /* USConnectionTests.m in Sources */,
			);
			runOnlyForDeploymentPostprocessing = 0;
		};
/* End PBXSourcesBuildPhase section */

/* Begin PBXTargetDependency section */
		A2CF8EFE1916589E00C43E75 /* PBXTargetDependency */ = {
			isa = PBXTargetDependency;
			target = A2CF8EDC1916589E00C43E75 /* USConnection */;
			targetProxy = A2CF8EFD1916589E00C43E75 /* PBXContainerItemProxy */;
		};
/* End PBXTargetDependency section */

/* Begin PBXVariantGroup section */
		A2CF8EE91916589E00C43E75 /* InfoPlist.strings */ = {
			isa = PBXVariantGroup;
			children = (
				A2CF8EEA1916589E00C43E75 /* en */,
			);
			name = InfoPlist.strings;
			sourceTree = "<group>";
		};
		A2CF8F021916589E00C43E75 /* InfoPlist.strings */ = {
			isa = PBXVariantGroup;
			children = (
				A2CF8F031916589E00C43E75 /* en */,
			);
			name = InfoPlist.strings;
			sourceTree = "<group>";
		};
/* End PBXVariantGroup section */

/* Begin XCBuildConfiguration section */
		A2CF8F071916589E00C43E75 /* Debug */ = {
			isa = XCBuildConfiguration;
			buildSettings = {
				ALWAYS_SEARCH_USER_PATHS = NO;
				CLANG_CXX_LANGUAGE_STANDARD = "gnu++0x";
				CLANG_CXX_LIBRARY = "libc++";
				CLANG_ENABLE_MODULES = YES;
				CLANG_ENABLE_OBJC_ARC = YES;
				CLANG_WARN_BOOL_CONVERSION = YES;
				CLANG_WARN_CONSTANT_CONVERSION = YES;
				CLANG_WARN_DIRECT_OBJC_ISA_USAGE = YES_ERROR;
				CLANG_WARN_EMPTY_BODY = YES;
				CLANG_WARN_ENUM_CONVERSION = YES;
				CLANG_WARN_INT_CONVERSION = YES;
				CLANG_WARN_OBJC_ROOT_CLASS = YES_ERROR;
				CLANG_WARN__DUPLICATE_METHOD_MATCH = YES;
				"CODE_SIGN_IDENTITY[sdk=iphoneos*]" = "iPhone Developer";
				COPY_PHASE_STRIP = NO;
				GCC_C_LANGUAGE_STANDARD = gnu99;
				GCC_DYNAMIC_NO_PIC = NO;
				GCC_OPTIMIZATION_LEVEL = 0;
				GCC_PREPROCESSOR_DEFINITIONS = (
					"DEBUG=1",
					"$(inherited)",
				);
				GCC_SYMBOLS_PRIVATE_EXTERN = NO;
				GCC_WARN_64_TO_32_BIT_CONVERSION = YES;
				GCC_WARN_ABOUT_RETURN_TYPE = YES_ERROR;
				GCC_WARN_UNDECLARED_SELECTOR = YES;
				GCC_WARN_UNINITIALIZED_AUTOS = YES_AGGRESSIVE;
				GCC_WARN_UNUSED_FUNCTION = YES;
				GCC_WARN_UNUSED_VARIABLE = YES;
				IPHONEOS_DEPLOYMENT_TARGET = 7.1;
				ONLY_ACTIVE_ARCH = YES;
				SDKROOT = iphoneos;
			};
			name = Debug;
		};
		A2CF8F081916589E00C43E75 /* Release */ = {
			isa = XCBuildConfiguration;
			buildSettings = {
				ALWAYS_SEARCH_USER_PATHS = NO;
				CLANG_CXX_LANGUAGE_STANDARD = "gnu++0x";
				CLANG_CXX_LIBRARY = "libc++";
				CLANG_ENABLE_MODULES = YES;
				CLANG_ENABLE_OBJC_ARC = YES;
				CLANG_WARN_BOOL_CONVERSION = YES;
				CLANG_WARN_CONSTANT_CONVERSION = YES;
				CLANG_WARN_DIRECT_OBJC_ISA_USAGE = YES_ERROR;
				CLANG_WARN_EMPTY_BODY = YES;
				CLANG_WARN_ENUM_CONVERSION = YES;
				CLANG_WARN_INT_CONVERSION = YES;
				CLANG_WARN_OBJC_ROOT_CLASS = YES_ERROR;
				CLANG_WARN__DUPLICATE_METHOD_MATCH = YES;
				"CODE_SIGN_IDENTITY[sdk=iphoneos*]" = "iPhone Developer";
				COPY_PHASE_STRIP = YES;
				ENABLE_NS_ASSERTIONS = NO;
				GCC_C_LANGUAGE_STANDARD = gnu99;
				GCC_WARN_64_TO_32_BIT_CONVERSION = YES;
				GCC_WARN_ABOUT_RETURN_TYPE = YES_ERROR;
				GCC_WARN_UNDECLARED_SELECTOR = YES;
				GCC_WARN_UNINITIALIZED_AUTOS = YES_AGGRESSIVE;
				GCC_WARN_UNUSED_FUNCTION = YES;
				GCC_WARN_UNUSED_VARIABLE = YES;
				IPHONEOS_DEPLOYMENT_TARGET = 7.1;
				SDKROOT = iphoneos;
				VALIDATE_PRODUCT = YES;
			};
			name = Release;
		};
		A2CF8F0A1916589E00C43E75 /* Debug */ = {
			isa = XCBuildConfiguration;
			buildSettings = {
				ASSETCATALOG_COMPILER_APPICON_NAME = AppIcon;
				ASSETCATALOG_COMPILER_LAUNCHIMAGE_NAME = LaunchImage;
				GCC_PRECOMPILE_PREFIX_HEADER = YES;
				GCC_PREFIX_HEADER = "USConnection/USConnection-Prefix.pch";
				INFOPLIST_FILE = "USConnection/USConnection-Info.plist";
				PRODUCT_NAME = "$(TARGET_NAME)";
				WRAPPER_EXTENSION = app;
			};
			name = Debug;
		};
		A2CF8F0B1916589E00C43E75 /* Release */ = {
			isa = XCBuildConfiguration;
			buildSettings = {
				ASSETCATALOG_COMPILER_APPICON_NAME = AppIcon;
				ASSETCATALOG_COMPILER_LAUNCHIMAGE_NAME = LaunchImage;
				GCC_PRECOMPILE_PREFIX_HEADER = YES;
				GCC_PREFIX_HEADER = "USConnection/USConnection-Prefix.pch";
				INFOPLIST_FILE = "USConnection/USConnection-Info.plist";
				PRODUCT_NAME = "$(TARGET_NAME)";
				WRAPPER_EXTENSION = app;
			};
			name = Release;
		};
		A2CF8F0D1916589E00C43E75 /* Debug */ = {
			isa = XCBuildConfiguration;
			buildSettings = {
				BUNDLE_LOADER = "$(BUILT_PRODUCTS_DIR)/USConnection.app/USConnection";
				FRAMEWORK_SEARCH_PATHS = (
					"$(SDKROOT)/Developer/Library/Frameworks",
					"$(inherited)",
					"$(DEVELOPER_FRAMEWORKS_DIR)",
				);
				GCC_PRECOMPILE_PREFIX_HEADER = YES;
				GCC_PREFIX_HEADER = "USConnection/USConnection-Prefix.pch";
				GCC_PREPROCESSOR_DEFINITIONS = (
					"DEBUG=1",
					"$(inherited)",
				);
				INFOPLIST_FILE = "USConnectionTests/USConnectionTests-Info.plist";
				PRODUCT_NAME = "$(TARGET_NAME)";
				TEST_HOST = "$(BUNDLE_LOADER)";
				WRAPPER_EXTENSION = xctest;
			};
			name = Debug;
		};
		A2CF8F0E1916589E00C43E75 /* Release */ = {
			isa = XCBuildConfiguration;
			buildSettings = {
				BUNDLE_LOADER = "$(BUILT_PRODUCTS_DIR)/USConnection.app/USConnection";
				FRAMEWORK_SEARCH_PATHS = (
					"$(SDKROOT)/Developer/Library/Frameworks",
					"$(inherited)",
					"$(DEVELOPER_FRAMEWORKS_DIR)",
				);
				GCC_PRECOMPILE_PREFIX_HEADER = YES;
				GCC_PREFIX_HEADER = "USConnection/USConnection-Prefix.pch";
				INFOPLIST_FILE = "USConnectionTests/USConnectionTests-Info.plist";
				PRODUCT_NAME = "$(TARGET_NAME)";
				TEST_HOST = "$(BUNDLE_LOADER)";
				WRAPPER_EXTENSION = xctest;
			};
			name = Release;
		};
/* End XCBuildConfiguration section */

/* Begin XCConfigurationList section */
		A2CF8ED81916589E00C43E75 /* Build configuration list for PBXProject "USConnection" */ = {
			isa = XCConfigurationList;
			buildConfigurations = (
				A2CF8F071916589E00C43E75 /* Debug */,
				A2CF8F081916589E00C43E75 /* Release */,
			);
			defaultConfigurationIsVisible = 0;
			defaultConfigurationName = Release;
		};
		A2CF8F091916589E00C43E75 /* Build configuration list for PBXNativeTarget "USConnection" */ = {
			isa = XCConfigurationList;
			buildConfigurations = (
				A2CF8F0A1916589E00C43E75 /* Debug */,
				A2CF8F0B1916589E00C43E75 /* Release */,
			);
			defaultConfigurationIsVisible = 0;
		};
		A2CF8F0C1916589E00C43E75 /* Build configuration list for PBXNativeTarget "USConnectionTests" */ = {
			isa = XCConfigurationList;
			buildConfigurations = (
				A2CF8F0D1916589E00C43E75 /* Debug */,
				A2CF8F0E1916589E00C43E75 /* Release */,
			);
			defaultConfigurationIsVisible = 0;
		};
/* End XCConfigurationList section */
	};
	rootObject = A2CF8ED51916589E00C43E75 /* Project object */;
}
